
Microsoft Visual Studio Solution File, Format Version 12.00
# Visual Studio Version 17
VisualStudioVersion = 17.3.32929.385
MinimumVisualStudioVersion = 10.0.40219.1
Project("{FAE04EC0-301F-11D3-BF4B-00C04F79EFBC}") = "WebApiDocker", "WebApiDocker\WebApiDocker.csproj", "{55E5159A-7DB7-48A9-820C-12F4377A2C2B}"
EndProject
Global
	GlobalSection(SolutionConfigurationPlatforms) = preSolution
		Debug|Any CPU = Debug|Any CPU
		Release|Any CPU = Release|Any CPU
	EndGlobalSection
	GlobalSection(ProjectConfigurationPlatforms) = postSolution
		{55E5159A-7DB7-48A9-820C-12F4377A2C2B}.Debug|Any CPU.ActiveCfg = Debug|Any CPU
		{55E5159A-7DB7-48A9-820C-12F4377A2C2B}.Debug|Any CPU.Build.0 = Debug|Any CPU
		{55E5159A-7DB7-48A9-820C-12F4377A2C2B}.Release|Any CPU.ActiveCfg = Release|Any CPU
		{55E5159A-7DB7-48A9-820C-12F4377A2C2B}.Release|Any CPU.Build.0 = Release|Any CPU
	EndGlobalSection
	GlobalSection(SolutionProperties) = preSolution
		HideSolutionNode = FALSE
	EndGlobalSection
	GlobalSection(ExtensibilityGlobals) = postSolution
		SolutionGuid = {346DAA14-7635-46CB-AC5A-F5BA3B9FDD20}
	EndGlobalSection
EndGlobal
